
Microsoft Visual Studio Solution File, Format Version 12.00
# Visual Studio Version 16
VisualStudioVersion = 16.0.30413.136
MinimumVisualStudioVersion = 10.0.40219.1
Project("{FAE04EC0-301F-11D3-BF4B-00C04F79EFBC}") = "RedeSocialWeb", "RedeSocialWeb\RedeSocialWeb.csproj", "{6334E2EF-CD68-4022-8557-C21B8A8D0C34}"
EndProject
Project("{FAE04EC0-301F-11D3-BF4B-00C04F79EFBC}") = "RedeSocial.Services", "RedeSocial.Services\RedeSocial.Services.csproj", "{180B9788-0FFA-434E-B6F4-73DA7CD31330}"
EndProject
Project("{FAE04EC0-301F-11D3-BF4B-00C04F79EFBC}") = "RedeSocial.Repository", "RedeSocial.Repository\RedeSocial.Repository.csproj", "{426CF845-9F68-4A7F-BC34-8309B5E2286B}"
EndProject
Project("{FAE04EC0-301F-11D3-BF4B-00C04F79EFBC}") = "RedeSocial.Domain", "RedeSocial.Domain\RedeSocial.Domain.csproj", "{3809478B-C766-4781-90CF-D272144F472C}"
EndProject
Project("{FAE04EC0-301F-11D3-BF4B-00C04F79EFBC}") = "RedeSocial.CrossCutting", "RedeSocial.CrossCutting\RedeSocial.CrossCutting.csproj", "{BF85CE28-0291-4155-B1A8-30F01C3625B4}"
EndProject
Project("{FAE04EC0-301F-11D3-BF4B-00C04F79EFBC}") = "RedeSocial.API", "RedeSocial.API\RedeSocial.API.csproj", "{FC7B96F3-F852-4AD0-819A-74340A797D2C}"
EndProject
Global
	GlobalSection(SolutionConfigurationPlatforms) = preSolution
		Debug|Any CPU = Debug|Any CPU
		Release|Any CPU = Release|Any CPU
	EndGlobalSection
	GlobalSection(ProjectConfigurationPlatforms) = postSolution
		{6334E2EF-CD68-4022-8557-C21B8A8D0C34}.Debug|Any CPU.ActiveCfg = Debug|Any CPU
		{6334E2EF-CD68-4022-8557-C21B8A8D0C34}.Debug|Any CPU.Build.0 = Debug|Any CPU
		{6334E2EF-CD68-4022-8557-C21B8A8D0C34}.Release|Any CPU.ActiveCfg = Release|Any CPU
		{6334E2EF-CD68-4022-8557-C21B8A8D0C34}.Release|Any CPU.Build.0 = Release|Any CPU
		{180B9788-0FFA-434E-B6F4-73DA7CD31330}.Debug|Any CPU.ActiveCfg = Debug|Any CPU
		{180B9788-0FFA-434E-B6F4-73DA7CD31330}.Debug|Any CPU.Build.0 = Debug|Any CPU
		{180B9788-0FFA-434E-B6F4-73DA7CD31330}.Release|Any CPU.ActiveCfg = Release|Any CPU
		{180B9788-0FFA-434E-B6F4-73DA7CD31330}.Release|Any CPU.Build.0 = Release|Any CPU
		{426CF845-9F68-4A7F-BC34-8309B5E2286B}.Debug|Any CPU.ActiveCfg = Debug|Any CPU
		{426CF845-9F68-4A7F-BC34-8309B5E2286B}.Debug|Any CPU.Build.0 = Debug|Any CPU
		{426CF845-9F68-4A7F-BC34-8309B5E2286B}.Release|Any CPU.ActiveCfg = Release|Any CPU
		{426CF845-9F68-4A7F-BC34-8309B5E2286B}.Release|Any CPU.Build.0 = Release|Any CPU
		{3809478B-C766-4781-90CF-D272144F472C}.Debug|Any CPU.ActiveCfg = Debug|Any CPU
		{3809478B-C766-4781-90CF-D272144F472C}.Debug|Any CPU.Build.0 = Debug|Any CPU
		{3809478B-C766-4781-90CF-D272144F472C}.Release|Any CPU.ActiveCfg = Release|Any CPU
		{3809478B-C766-4781-90CF-D272144F472C}.Release|Any CPU.Build.0 = Release|Any CPU
		{BF85CE28-0291-4155-B1A8-30F01C3625B4}.Debug|Any CPU.ActiveCfg = Debug|Any CPU
		{BF85CE28-0291-4155-B1A8-30F01C3625B4}.Debug|Any CPU.Build.0 = Debug|Any CPU
		{BF85CE28-0291-4155-B1A8-30F01C3625B4}.Release|Any CPU.ActiveCfg = Release|Any CPU
		{BF85CE28-0291-4155-B1A8-30F01C3625B4}.Release|Any CPU.Build.0 = Release|Any CPU
		{FC7B96F3-F852-4AD0-819A-74340A797D2C}.Debug|Any CPU.ActiveCfg = Debug|Any CPU
		{FC7B96F3-F852-4AD0-819A-74340A797D2C}.Debug|Any CPU.Build.0 = Debug|Any CPU
		{FC7B96F3-F852-4AD0-819A-74340A797D2C}.Release|Any CPU.ActiveCfg = Release|Any CPU
		{FC7B96F3-F852-4AD0-819A-74340A797D2C}.Release|Any CPU.Build.0 = Release|Any CPU
	EndGlobalSection
	GlobalSection(SolutionProperties) = preSolution
		HideSolutionNode = FALSE
	EndGlobalSection
	GlobalSection(ExtensibilityGlobals) = postSolution
		SolutionGuid = {E828F6A1-8B22-4492-9CB3-AD57F89E056D}
	EndGlobalSection
EndGlobal
